
Microsoft Visual Studio Solution File, Format Version 12.00
# Visual Studio Version 16
VisualStudioVersion = 16.0.31005.135
MinimumVisualStudioVersion = 10.0.40219.1
Project("{FAE04EC0-301F-11D3-BF4B-00C04F79EFBC}") = "WebApplication1", "WebApplication1\WebApplication1.csproj", "{6141E1C4-0178-4396-9E5C-AADE01C7513A}"
EndProject
Global
	GlobalSection(SolutionConfigurationPlatforms) = preSolution
		Debug|Any CPU = Debug|Any CPU
		Release|Any CPU = Release|Any CPU
	EndGlobalSection
	GlobalSection(ProjectConfigurationPlatforms) = postSolution
		{6141E1C4-0178-4396-9E5C-AADE01C7513A}.Debug|Any CPU.ActiveCfg = Debug|Any CPU
		{6141E1C4-0178-4396-9E5C-AADE01C7513A}.Debug|Any CPU.Build.0 = Debug|Any CPU
		{6141E1C4-0178-4396-9E5C-AADE01C7513A}.Release|Any CPU.ActiveCfg = Release|Any CPU
		{6141E1C4-0178-4396-9E5C-AADE01C7513A}.Release|Any CPU.Build.0 = Release|Any CPU
	EndGlobalSection
	GlobalSection(SolutionProperties) = preSolution
		HideSolutionNode = FALSE
	EndGlobalSection
	GlobalSection(ExtensibilityGlobals) = postSolution
		SolutionGuid = {F7CB2CFB-9899-4632-9245-95D80FA63964}
	EndGlobalSection
EndGlobal
